{
  "name": "onshape_apiRest_Server_and_Client_viewer",
  "version": "0.0.0",
  "description": "Application Viewer Models 3d",
  "scripts": {
    
    "BlobBlobBlob": "// cd onshape-server      $ npm i     $ npm start  cd ..  cd onshape-client npm i npm start",
    "start": "echo \"hello world "
    
  }

}

